
Microsoft Visual Studio Solution File, Format Version 12.00
# Visual Studio Version 16
VisualStudioVersion = 16.0.31613.86
MinimumVisualStudioVersion = 10.0.40219.1
Project("{8BC9CEB8-8B4A-11D0-8D11-00A0C91BC942}") = "RayTracerChallenge", "RayTracerChallenge.vcxproj", "{BDA53226-5D5E-481D-ACA6-3FD0EB2C5880}"
EndProject
Project("{8BC9CEB8-8B4A-11D0-8D11-00A0C91BC942}") = "MathTests", "tst\MathTests\MathTests.vcxproj", "{9FFDB00B-1ACF-428A-AB49-497017D1E64D}"
EndProject
Global
	GlobalSection(SolutionConfigurationPlatforms) = preSolution
		Debug|x64 = Debug|x64
		Debug|x86 = Debug|x86
		Release|x64 = Release|x64
		Release|x86 = Release|x86
	EndGlobalSection
	GlobalSection(ProjectConfigurationPlatforms) = postSolution
		{BDA53226-5D5E-481D-ACA6-3FD0EB2C5880}.Debug|x64.ActiveCfg = Debug|x64
		{BDA53226-5D5E-481D-ACA6-3FD0EB2C5880}.Debug|x64.Build.0 = Debug|x64
		{BDA53226-5D5E-481D-ACA6-3FD0EB2C5880}.Debug|x86.ActiveCfg = Debug|Win32
		{BDA53226-5D5E-481D-ACA6-3FD0EB2C5880}.Debug|x86.Build.0 = Debug|Win32
		{BDA53226-5D5E-481D-ACA6-3FD0EB2C5880}.Release|x64.ActiveCfg = Release|x64
		{BDA53226-5D5E-481D-ACA6-3FD0EB2C5880}.Release|x64.Build.0 = Release|x64
		{BDA53226-5D5E-481D-ACA6-3FD0EB2C5880}.Release|x86.ActiveCfg = Release|Win32
		{BDA53226-5D5E-481D-ACA6-3FD0EB2C5880}.Release|x86.Build.0 = Release|Win32
		{9FFDB00B-1ACF-428A-AB49-497017D1E64D}.Debug|x64.ActiveCfg = Debug|x64
		{9FFDB00B-1ACF-428A-AB49-497017D1E64D}.Debug|x64.Build.0 = Debug|x64
		{9FFDB00B-1ACF-428A-AB49-497017D1E64D}.Debug|x86.ActiveCfg = Debug|Win32
		{9FFDB00B-1ACF-428A-AB49-497017D1E64D}.Debug|x86.Build.0 = Debug|Win32
		{9FFDB00B-1ACF-428A-AB49-497017D1E64D}.Release|x64.ActiveCfg = Release|x64
		{9FFDB00B-1ACF-428A-AB49-497017D1E64D}.Release|x64.Build.0 = Release|x64
		{9FFDB00B-1ACF-428A-AB49-497017D1E64D}.Release|x86.ActiveCfg = Release|Win32
		{9FFDB00B-1ACF-428A-AB49-497017D1E64D}.Release|x86.Build.0 = Release|Win32
	EndGlobalSection
	GlobalSection(SolutionProperties) = preSolution
		HideSolutionNode = FALSE
	EndGlobalSection
	GlobalSection(ExtensibilityGlobals) = postSolution
		SolutionGuid = {6FA45FBA-1D35-4A1B-AA03-3F5CE5AF97E2}
	EndGlobalSection
EndGlobal
